// !$*UTF8*$!
{
	archiveVersion = 1;
	classes = {
	};
	objectVersion = 48;
	objects = {

/* Begin PBXBuildFile section */
		497DAA472099614700499B20 /* AppDelegate.swift in Sources */ = {isa = PBXBuildFile; fileRef = 497DAA462099614700499B20 /* AppDelegate.swift */; };
		497DAA492099614800499B20 /* ViewController.swift in Sources */ = {isa = PBXBuildFile; fileRef = 497DAA482099614700499B20 /* ViewController.swift */; };
		497DAA4C2099614800499B20 /* Main.storyboard in Resources */ = {isa = PBXBuildFile; fileRef = 497DAA4A2099614800499B20 /* Main.storyboard */; };
		497DAA4F2099614800499B20 /* MagnificentBeasts.xcdatamodeld in Sources */ = {isa = PBXBuildFile; fileRef = 497DAA4D2099614800499B20 /* MagnificentBeasts.xcdatamodeld */; };
		497DAA512099614800499B20 /* Assets.xcassets in Resources */ = {isa = PBXBuildFile; fileRef = 497DAA502099614800499B20 /* Assets.xcassets */; };
		497DAA542099614800499B20 /* LaunchScreen.storyboard in Resources */ = {isa = PBXBuildFile; fileRef = 497DAA522099614800499B20 /* LaunchScreen.storyboard */; };
		497DAA5D2099633000499B20 /* MyBeastsCollectionViewController.swift in Sources */ = {isa = PBXBuildFile; fileRef = 497DAA5C2099633000499B20 /* MyBeastsCollectionViewController.swift */; };
		497DAA5F20996B2000499B20 /* BeastCollectionViewCell.swift in Sources */ = {isa = PBXBuildFile; fileRef = 497DAA5E20996B2000499B20 /* BeastCollectionViewCell.swift */; };
		497DAA63209A86E100499B20 /* BeastsManager.swift in Sources */ = {isa = PBXBuildFile; fileRef = 497DAA62209A86E100499B20 /* BeastsManager.swift */; };
		497DAA66209BDC9900499B20 /* Molly.jpeg in Resources */ = {isa = PBXBuildFile; fileRef = 497DAA65209BDC9900499B20 /* Molly.jpeg */; };
		497DAA68209BE15E00499B20 /* ImageManager.swift in Sources */ = {isa = PBXBuildFile; fileRef = 497DAA67209BE15E00499B20 /* ImageManager.swift */; };
		497DAA6A209BEE1100499B20 /* Frogger.jpeg in Resources */ = {isa = PBXBuildFile; fileRef = 497DAA69209BEE1100499B20 /* Frogger.jpeg */; };
		497DAA74209BEE5C00499B20 /* Jiminy.jpeg in Resources */ = {isa = PBXBuildFile; fileRef = 497DAA6B209BEE5500499B20 /* Jiminy.jpeg */; };
		497DAA75209BEE5C00499B20 /* Shamu.jpeg in Resources */ = {isa = PBXBuildFile; fileRef = 497DAA6C209BEE5600499B20 /* Shamu.jpeg */; };
		497DAA76209BEE5C00499B20 /* Rover.jpeg in Resources */ = {isa = PBXBuildFile; fileRef = 497DAA6D209BEE5600499B20 /* Rover.jpeg */; };
		497DAA77209BEE5C00499B20 /* Molly2.jpeg in Resources */ = {isa = PBXBuildFile; fileRef = 497DAA6E209BEE5600499B20 /* Molly2.jpeg */; };
		497DAA78209BEE5C00499B20 /* Snakey.jpeg in Resources */ = {isa = PBXBuildFile; fileRef = 497DAA6F209BEE5700499B20 /* Snakey.jpeg */; };
		497DAA7A209BEE5C00499B20 /* Horsey.jpeg in Resources */ = {isa = PBXBuildFile; fileRef = 497DAA71209BEE5900499B20 /* Horsey.jpeg */; };
		497DAA7B209BEE5C00499B20 /* Snakey2.jpeg in Resources */ = {isa = PBXBuildFile; fileRef = 497DAA72209BEE5B00499B20 /* Snakey2.jpeg */; };
		497DAA7C209BEE5C00499B20 /* Rover2.jpeg in Resources */ = {isa = PBXBuildFile; fileRef = 497DAA73209BEE5C00499B20 /* Rover2.jpeg */; };
/* End PBXBuildFile section */

/* Begin PBXFileReference section */
		497DAA432099614700499B20 /* MagnificentBeasts.app */ = {isa = PBXFileReference; explicitFileType = wrapper.application; includeInIndex = 0; path = MagnificentBeasts.app; sourceTree = BUILT_PRODUCTS_DIR; };
		497DAA462099614700499B20 /* AppDelegate.swift */ = {isa = PBXFileReference; lastKnownFileType = sourcecode.swift; path = AppDelegate.swift; sourceTree = "<group>"; };
		497DAA482099614700499B20 /* ViewController.swift */ = {isa = PBXFileReference; lastKnownFileType = sourcecode.swift; path = ViewController.swift; sourceTree = "<group>"; };
		497DAA4B2099614800499B20 /* Base */ = {isa = PBXFileReference; lastKnownFileType = file.storyboard; name = Base; path = Base.lproj/Main.storyboard; sourceTree = "<group>"; };
		497DAA4E2099614800499B20 /* MagnificentBeasts.xcdatamodel */ = {isa = PBXFileReference; lastKnownFileType = wrapper.xcdatamodel; path = MagnificentBeasts.xcdatamodel; sourceTree = "<group>"; };
		497DAA502099614800499B20 /* Assets.xcassets */ = {isa = PBXFileReference; lastKnownFileType = folder.assetcatalog; path = Assets.xcassets; sourceTree = "<group>"; };
		497DAA532099614800499B20 /* Base */ = {isa = PBXFileReference; lastKnownFileType = file.storyboard; name = Base; path = Base.lproj/LaunchScreen.storyboard; sourceTree = "<group>"; };
		497DAA552099614800499B20 /* Info.plist */ = {isa = PBXFileReference; lastKnownFileType = text.plist.xml; path = Info.plist; sourceTree = "<group>"; };
		497DAA5C2099633000499B20 /* MyBeastsCollectionViewController.swift */ = {isa = PBXFileReference; lastKnownFileType = sourcecode.swift; path = MyBeastsCollectionViewController.swift; sourceTree = "<group>"; };
		497DAA5E20996B2000499B20 /* BeastCollectionViewCell.swift */ = {isa = PBXFileReference; lastKnownFileType = sourcecode.swift; path = BeastCollectionViewCell.swift; sourceTree = "<group>"; };
		497DAA62209A86E100499B20 /* BeastsManager.swift */ = {isa = PBXFileReference; lastKnownFileType = sourcecode.swift; path = BeastsManager.swift; sourceTree = "<group>"; };
		497DAA65209BDC9900499B20 /* Molly.jpeg */ = {isa = PBXFileReference; lastKnownFileType = image.jpeg; path = Molly.jpeg; sourceTree = "<group>"; };
		497DAA67209BE15E00499B20 /* ImageManager.swift */ = {isa = PBXFileReference; lastKnownFileType = sourcecode.swift; path = ImageManager.swift; sourceTree = "<group>"; };
		497DAA69209BEE1100499B20 /* Frogger.jpeg */ = {isa = PBXFileReference; lastKnownFileType = image.jpeg; path = Frogger.jpeg; sourceTree = "<group>"; };
		497DAA6B209BEE5500499B20 /* Jiminy.jpeg */ = {isa = PBXFileReference; lastKnownFileType = image.jpeg; path = Jiminy.jpeg; sourceTree = "<group>"; };
		497DAA6C209BEE5600499B20 /* Shamu.jpeg */ = {isa = PBXFileReference; lastKnownFileType = image.jpeg; path = Shamu.jpeg; sourceTree = "<group>"; };
		497DAA6D209BEE5600499B20 /* Rover.jpeg */ = {isa = PBXFileReference; lastKnownFileType = image.jpeg; path = Rover.jpeg; sourceTree = "<group>"; };
		497DAA6E209BEE5600499B20 /* Molly2.jpeg */ = {isa = PBXFileReference; lastKnownFileType = image.jpeg; path = Molly2.jpeg; sourceTree = "<group>"; };
		497DAA6F209BEE5700499B20 /* Snakey.jpeg */ = {isa = PBXFileReference; lastKnownFileType = image.jpeg; path = Snakey.jpeg; sourceTree = "<group>"; };
		497DAA71209BEE5900499B20 /* Horsey.jpeg */ = {isa = PBXFileReference; lastKnownFileType = image.jpeg; path = Horsey.jpeg; sourceTree = "<group>"; };
		497DAA72209BEE5B00499B20 /* Snakey2.jpeg */ = {isa = PBXFileReference; lastKnownFileType = image.jpeg; path = Snakey2.jpeg; sourceTree = "<group>"; };
		497DAA73209BEE5C00499B20 /* Rover2.jpeg */ = {isa = PBXFileReference; lastKnownFileType = image.jpeg; path = Rover2.jpeg; sourceTree = "<group>"; };
/* End PBXFileReference section */

/* Begin PBXFrameworksBuildPhase section */
		497DAA402099614700499B20 /* Frameworks */ = {
			isa = PBXFrameworksBuildPhase;
			buildActionMask = 2147483647;
			files = (
			);
			runOnlyForDeploymentPostprocessing = 0;
		};
/* End PBXFrameworksBuildPhase section */

/* Begin PBXGroup section */
		497DAA3A2099614700499B20 = {
			isa = PBXGroup;
			children = (
				497DAA452099614700499B20 /* MagnificentBeasts */,
				497DAA442099614700499B20 /* Products */,
			);
			sourceTree = "<group>";
		};
		497DAA442099614700499B20 /* Products */ = {
			isa = PBXGroup;
			children = (
				497DAA432099614700499B20 /* MagnificentBeasts.app */,
			);
			name = Products;
			sourceTree = "<group>";
		};
		497DAA452099614700499B20 /* MagnificentBeasts */ = {
			isa = PBXGroup;
			children = (
				497DAA64209BDBC600499B20 /* Images */,
				497DAA61209A869500499B20 /* Managers */,
				497DAA60209A807200499B20 /* Models */,
				497DAA5B209962EE00499B20 /* UI */,
				497DAA462099614700499B20 /* AppDelegate.swift */,
				497DAA482099614700499B20 /* ViewController.swift */,
				497DAA4A2099614800499B20 /* Main.storyboard */,
				497DAA502099614800499B20 /* Assets.xcassets */,
				497DAA522099614800499B20 /* LaunchScreen.storyboard */,
				497DAA552099614800499B20 /* Info.plist */,
				497DAA4D2099614800499B20 /* MagnificentBeasts.xcdatamodeld */,
			);
			path = MagnificentBeasts;
			sourceTree = "<group>";
		};
		497DAA5B209962EE00499B20 /* UI */ = {
			isa = PBXGroup;
			children = (
				497DAA5C2099633000499B20 /* MyBeastsCollectionViewController.swift */,
				497DAA5E20996B2000499B20 /* BeastCollectionViewCell.swift */,
			);
			path = UI;
			sourceTree = "<group>";
		};
		497DAA60209A807200499B20 /* Models */ = {
			isa = PBXGroup;
			children = (
			);
			path = Models;
			sourceTree = "<group>";
		};
		497DAA61209A869500499B20 /* Managers */ = {
			isa = PBXGroup;
			children = (
				497DAA62209A86E100499B20 /* BeastsManager.swift */,
				497DAA67209BE15E00499B20 /* ImageManager.swift */,
			);
			path = Managers;
			sourceTree = "<group>";
		};
		497DAA64209BDBC600499B20 /* Images */ = {
			isa = PBXGroup;
			children = (
				497DAA71209BEE5900499B20 /* Horsey.jpeg */,
				497DAA6B209BEE5500499B20 /* Jiminy.jpeg */,
				497DAA6E209BEE5600499B20 /* Molly2.jpeg */,
				497DAA6D209BEE5600499B20 /* Rover.jpeg */,
				497DAA73209BEE5C00499B20 /* Rover2.jpeg */,
				497DAA6C209BEE5600499B20 /* Shamu.jpeg */,
				497DAA6F209BEE5700499B20 /* Snakey.jpeg */,
				497DAA72209BEE5B00499B20 /* Snakey2.jpeg */,
				497DAA69209BEE1100499B20 /* Frogger.jpeg */,
				497DAA65209BDC9900499B20 /* Molly.jpeg */,
			);
			path = Images;
			sourceTree = "<group>";
		};
/* End PBXGroup section */

/* Begin PBXNativeTarget section */
		497DAA422099614700499B20 /* MagnificentBeasts */ = {
			isa = PBXNativeTarget;
			buildConfigurationList = 497DAA582099614800499B20 /* Build configuration list for PBXNativeTarget "MagnificentBeasts" */;
			buildPhases = (
				497DAA3F2099614700499B20 /* Sources */,
				497DAA402099614700499B20 /* Frameworks */,
				497DAA412099614700499B20 /* Resources */,
			);
			buildRules = (
			);
			dependencies = (
			);
			name = MagnificentBeasts;
			productName = MagnificentBeasts;
			productReference = 497DAA432099614700499B20 /* MagnificentBeasts.app */;
			productType = "com.apple.product-type.application";
		};
/* End PBXNativeTarget section */

/* Begin PBXProject section */
		497DAA3B2099614700499B20 /* Project object */ = {
			isa = PBXProject;
			attributes = {
				LastSwiftUpdateCheck = 0920;
				LastUpgradeCheck = 0920;
				ORGANIZATIONNAME = "SeeTechnologies Inc.";
				TargetAttributes = {
					497DAA422099614700499B20 = {
						CreatedOnToolsVersion = 9.2;
						ProvisioningStyle = Automatic;
					};
				};
			};
			buildConfigurationList = 497DAA3E2099614700499B20 /* Build configuration list for PBXProject "MagnificentBeasts" */;
			compatibilityVersion = "Xcode 8.0";
			developmentRegion = en;
			hasScannedForEncodings = 0;
			knownRegions = (
				en,
				Base,
			);
			mainGroup = 497DAA3A2099614700499B20;
			productRefGroup = 497DAA442099614700499B20 /* Products */;
			projectDirPath = "";
			projectRoot = "";
			targets = (
				497DAA422099614700499B20 /* MagnificentBeasts */,
			);
		};
/* End PBXProject section */

/* Begin PBXResourcesBuildPhase section */
		497DAA412099614700499B20 /* Resources */ = {
			isa = PBXResourcesBuildPhase;
			buildActionMask = 2147483647;
			files = (
				497DAA542099614800499B20 /* LaunchScreen.storyboard in Resources */,
				497DAA74209BEE5C00499B20 /* Jiminy.jpeg in Resources */,
				497DAA78209BEE5C00499B20 /* Snakey.jpeg in Resources */,
				497DAA75209BEE5C00499B20 /* Shamu.jpeg in Resources */,
				497DAA512099614800499B20 /* Assets.xcassets in Resources */,
				497DAA76209BEE5C00499B20 /* Rover.jpeg in Resources */,
				497DAA4C2099614800499B20 /* Main.storyboard in Resources */,
				497DAA7B209BEE5C00499B20 /* Snakey2.jpeg in Resources */,
				497DAA7C209BEE5C00499B20 /* Rover2.jpeg in Resources */,
				497DAA66209BDC9900499B20 /* Molly.jpeg in Resources */,
				497DAA7A209BEE5C00499B20 /* Horsey.jpeg in Resources */,
				497DAA77209BEE5C00499B20 /* Molly2.jpeg in Resources */,
				497DAA6A209BEE1100499B20 /* Frogger.jpeg in Resources */,
			);
			runOnlyForDeploymentPostprocessing = 0;
		};
/* End PBXResourcesBuildPhase section */

/* Begin PBXSourcesBuildPhase section */
		497DAA3F2099614700499B20 /* Sources */ = {
			isa = PBXSourcesBuildPhase;
			buildActionMask = 2147483647;
			files = (
				497DAA5D2099633000499B20 /* MyBeastsCollectionViewController.swift in Sources */,
				497DAA492099614800499B20 /* ViewController.swift in Sources */,
				497DAA68209BE15E00499B20 /* ImageManager.swift in Sources */,
				497DAA472099614700499B20 /* AppDelegate.swift in Sources */,
				497DAA4F2099614800499B20 /* MagnificentBeasts.xcdatamodeld in Sources */,
				497DAA5F20996B2000499B20 /* BeastCollectionViewCell.swift in Sources */,
				497DAA63209A86E100499B20 /* BeastsManager.swift in Sources */,
			);
			runOnlyForDeploymentPostprocessing = 0;
		};
/* End PBXSourcesBuildPhase section */

/* Begin PBXVariantGroup section */
		497DAA4A2099614800499B20 /* Main.storyboard */ = {
			isa = PBXVariantGroup;
			children = (
				497DAA4B2099614800499B20 /* Base */,
			);
			name = Main.storyboard;
			sourceTree = "<group>";
		};
		497DAA522099614800499B20 /* LaunchScreen.storyboard */ = {
			isa = PBXVariantGroup;
			children = (
				497DAA532099614800499B20 /* Base */,
			);
			name = LaunchScreen.storyboard;
			sourceTree = "<group>";
		};
/* End PBXVariantGroup section */

/* Begin XCBuildConfiguration section */
		497DAA562099614800499B20 /* Debug */ = {
			isa = XCBuildConfiguration;
			buildSettings = {
				ALWAYS_SEARCH_USER_PATHS = NO;
				CLANG_ANALYZER_NONNULL = YES;
				CLANG_ANALYZER_NUMBER_OBJECT_CONVERSION = YES_AGGRESSIVE;
				CLANG_CXX_LANGUAGE_STANDARD = "gnu++14";
				CLANG_CXX_LIBRARY = "libc++";
				CLANG_ENABLE_MODULES = YES;
				CLANG_ENABLE_OBJC_ARC = YES;
				CLANG_WARN_BLOCK_CAPTURE_AUTORELEASING = YES;
				CLANG_WARN_BOOL_CONVERSION = YES;
				CLANG_WARN_COMMA = YES;
				CLANG_WARN_CONSTANT_CONVERSION = YES;
				CLANG_WARN_DIRECT_OBJC_ISA_USAGE = YES_ERROR;
				CLANG_WARN_DOCUMENTATION_COMMENTS = YES;
				CLANG_WARN_EMPTY_BODY = YES;
				CLANG_WARN_ENUM_CONVERSION = YES;
				CLANG_WARN_INFINITE_RECURSION = YES;
				CLANG_WARN_INT_CONVERSION = YES;
				CLANG_WARN_NON_LITERAL_NULL_CONVERSION = YES;
				CLANG_WARN_OBJC_LITERAL_CONVERSION = YES;
				CLANG_WARN_OBJC_ROOT_CLASS = YES_ERROR;
				CLANG_WARN_RANGE_LOOP_ANALYSIS = YES;
				CLANG_WARN_STRICT_PROTOTYPES = YES;
				CLANG_WARN_SUSPICIOUS_MOVE = YES;
				CLANG_WARN_UNGUARDED_AVAILABILITY = YES_AGGRESSIVE;
				CLANG_WARN_UNREACHABLE_CODE = YES;
				CLANG_WARN__DUPLICATE_METHOD_MATCH = YES;
				CODE_SIGN_IDENTITY = "iPhone Developer";
				COPY_PHASE_STRIP = NO;
				DEBUG_INFORMATION_FORMAT = dwarf;
				ENABLE_STRICT_OBJC_MSGSEND = YES;
				ENABLE_TESTABILITY = YES;
				GCC_C_LANGUAGE_STANDARD = gnu11;
				GCC_DYNAMIC_NO_PIC = NO;
				GCC_NO_COMMON_BLOCKS = YES;
				GCC_OPTIMIZATION_LEVEL = 0;
				GCC_PREPROCESSOR_DEFINITIONS = (
					"DEBUG=1",
					"$(inherited)",
				);
				GCC_WARN_64_TO_32_BIT_CONVERSION = YES;
				GCC_WARN_ABOUT_RETURN_TYPE = YES_ERROR;
				GCC_WARN_UNDECLARED_SELECTOR = YES;
				GCC_WARN_UNINITIALIZED_AUTOS = YES_AGGRESSIVE;
				GCC_WARN_UNUSED_FUNCTION = YES;
				GCC_WARN_UNUSED_VARIABLE = YES;
				IPHONEOS_DEPLOYMENT_TARGET = 11.2;
				MTL_ENABLE_DEBUG_INFO = YES;
				ONLY_ACTIVE_ARCH = YES;
				SDKROOT = iphoneos;
				SWIFT_ACTIVE_COMPILATION_CONDITIONS = DEBUG;
				SWIFT_OPTIMIZATION_LEVEL = "-Onone";
			};
			name = Debug;
		};
		497DAA572099614800499B20 /* Release */ = {
			isa = XCBuildConfiguration;
			buildSettings = {
				ALWAYS_SEARCH_USER_PATHS = NO;
				CLANG_ANALYZER_NONNULL = YES;
				CLANG_ANALYZER_NUMBER_OBJECT_CONVERSION = YES_AGGRESSIVE;
				CLANG_CXX_LANGUAGE_STANDARD = "gnu++14";
				CLANG_CXX_LIBRARY = "libc++";
				CLANG_ENABLE_MODULES = YES;
				CLANG_ENABLE_OBJC_ARC = YES;
				CLANG_WARN_BLOCK_CAPTURE_AUTORELEASING = YES;
				CLANG_WARN_BOOL_CONVERSION = YES;
				CLANG_WARN_COMMA = YES;
				CLANG_WARN_CONSTANT_CONVERSION = YES;
				CLANG_WARN_DIRECT_OBJC_ISA_USAGE = YES_ERROR;
				CLANG_WARN_DOCUMENTATION_COMMENTS = YES;
				CLANG_WARN_EMPTY_BODY = YES;
				CLANG_WARN_ENUM_CONVERSION = YES;
				CLANG_WARN_INFINITE_RECURSION = YES;
				CLANG_WARN_INT_CONVERSION = YES;
				CLANG_WARN_NON_LITERAL_NULL_CONVERSION = YES;
				CLANG_WARN_OBJC_LITERAL_CONVERSION = YES;
				CLANG_WARN_OBJC_ROOT_CLASS = YES_ERROR;
				CLANG_WARN_RANGE_LOOP_ANALYSIS = YES;
				CLANG_WARN_STRICT_PROTOTYPES = YES;
				CLANG_WARN_SUSPICIOUS_MOVE = YES;
				CLANG_WARN_UNGUARDED_AVAILABILITY = YES_AGGRESSIVE;
				CLANG_WARN_UNREACHABLE_CODE = YES;
				CLANG_WARN__DUPLICATE_METHOD_MATCH = YES;
				CODE_SIGN_IDENTITY = "iPhone Developer";
				COPY_PHASE_STRIP = NO;
				DEBUG_INFORMATION_FORMAT = "dwarf-with-dsym";
				ENABLE_NS_ASSERTIONS = NO;
				ENABLE_STRICT_OBJC_MSGSEND = YES;
				GCC_C_LANGUAGE_STANDARD = gnu11;
				GCC_NO_COMMON_BLOCKS = YES;
				GCC_WARN_64_TO_32_BIT_CONVERSION = YES;
				GCC_WARN_ABOUT_RETURN_TYPE = YES_ERROR;
				GCC_WARN_UNDECLARED_SELECTOR = YES;
				GCC_WARN_UNINITIALIZED_AUTOS = YES_AGGRESSIVE;
				GCC_WARN_UNUSED_FUNCTION = YES;
				GCC_WARN_UNUSED_VARIABLE = YES;
				IPHONEOS_DEPLOYMENT_TARGET = 11.2;
				MTL_ENABLE_DEBUG_INFO = NO;
				SDKROOT = iphoneos;
				SWIFT_OPTIMIZATION_LEVEL = "-Owholemodule";
				VALIDATE_PRODUCT = YES;
			};
			name = Release;
		};
		497DAA592099614800499B20 /* Debug */ = {
			isa = XCBuildConfiguration;
			buildSettings = {
				ASSETCATALOG_COMPILER_APPICON_NAME = AppIcon;
				CODE_SIGN_STYLE = Automatic;
				DEVELOPMENT_TEAM = W74S3QA4TW;
				INFOPLIST_FILE = MagnificentBeasts/Info.plist;
				IPHONEOS_DEPLOYMENT_TARGET = 11.0;
				LD_RUNPATH_SEARCH_PATHS = "$(inherited) @executable_path/Frameworks";
				PRODUCT_BUNDLE_IDENTIFIER = ca.seetechnologies.MagnificentBeasts;
				PRODUCT_NAME = "$(TARGET_NAME)";
				SWIFT_VERSION = 4.0;
				TARGETED_DEVICE_FAMILY = "1,2";
			};
			name = Debug;
		};
		497DAA5A2099614800499B20 /* Release */ = {
			isa = XCBuildConfiguration;
			buildSettings = {
				ASSETCATALOG_COMPILER_APPICON_NAME = AppIcon;
				CODE_SIGN_STYLE = Automatic;
				DEVELOPMENT_TEAM = W74S3QA4TW;
				INFOPLIST_FILE = MagnificentBeasts/Info.plist;
				IPHONEOS_DEPLOYMENT_TARGET = 11.0;
				LD_RUNPATH_SEARCH_PATHS = "$(inherited) @executable_path/Frameworks";
				PRODUCT_BUNDLE_IDENTIFIER = ca.seetechnologies.MagnificentBeasts;
				PRODUCT_NAME = "$(TARGET_NAME)";
				SWIFT_VERSION = 4.0;
				TARGETED_DEVICE_FAMILY = "1,2";
			};
			name = Release;
		};
/* End XCBuildConfiguration section */

/* Begin XCConfigurationList section */
		497DAA3E2099614700499B20 /* Build configuration list for PBXProject "MagnificentBeasts" */ = {
			isa = XCConfigurationList;
			buildConfigurations = (
				497DAA562099614800499B20 /* Debug */,
				497DAA572099614800499B20 /* Release */,
			);
			defaultConfigurationIsVisible = 0;
			defaultConfigurationName = Release;
		};
		497DAA582099614800499B20 /* Build configuration list for PBXNativeTarget "MagnificentBeasts" */ = {
			isa = XCConfigurationList;
			buildConfigurations = (
				497DAA592099614800499B20 /* Debug */,
				497DAA5A2099614800499B20 /* Release */,
			);
			defaultConfigurationIsVisible = 0;
			defaultConfigurationName = Release;
		};
/* End XCConfigurationList section */

/* Begin XCVersionGroup section */
		497DAA4D2099614800499B20 /* MagnificentBeasts.xcdatamodeld */ = {
			isa = XCVersionGroup;
			children = (
				497DAA4E2099614800499B20 /* MagnificentBeasts.xcdatamodel */,
			);
			currentVersion = 497DAA4E2099614800499B20 /* MagnificentBeasts.xcdatamodel */;
			path = MagnificentBeasts.xcdatamodeld;
			sourceTree = "<group>";
			versionGroupType = wrapper.xcdatamodel;
		};
/* End XCVersionGroup section */
	};
	rootObject = 497DAA3B2099614700499B20 /* Project object */;
}
